
Microsoft Visual Studio Solution File, Format Version 12.00
# Visual Studio Version 18
VisualStudioVersion = 18.1.11312.151
MinimumVisualStudioVersion = 10.0.40219.1
Project("{FAE04EC0-301F-11D3-BF4B-00C04F79EFBC}") = "PoeLeagueTracker.Domain", "PoeLeagueTracker.Domain\PoeLeagueTracker.Domain.csproj", "{47D434A1-29DE-4CEF-BD5A-245422BB0BC8}"
EndProject
Project("{FAE04EC0-301F-11D3-BF4B-00C04F79EFBC}") = "PoeLeagueTracker.Application", "PoeLeagueTracker.Application\PoeLeagueTracker.Application.csproj", "{B4437594-4157-402E-837D-F5277479D3C6}"
EndProject
Project("{FAE04EC0-301F-11D3-BF4B-00C04F79EFBC}") = "PoeLeagueTracker.Infrastructure", "PoeLeagueTracker.Infrastructure\PoeLeagueTracker.Infrastructure.csproj", "{0203B444-E4BC-4691-A97F-8910FFA1899C}"
EndProject
Project("{FAE04EC0-301F-11D3-BF4B-00C04F79EFBC}") = "PoeLeagueTracker.Api", "PoeLeagueTracker.Api\PoeLeagueTracker.Api.csproj", "{DE187954-9CEF-42B7-84EB-C2D86FAAFAB2}"
EndProject
Project("{FAE04EC0-301F-11D3-BF4B-00C04F79EFBC}") = "PoeLeagueTracker.Client", "PoeLeagueTracker.Client\PoeLeagueTracker.Client.csproj", "{EFBDAA0C-A789-4743-823C-9294F1CD6902}"
EndProject
Project("{FAE04EC0-301F-11D3-BF4B-00C04F79EFBC}") = "PoeLeagueTracker.Shared", "PoeLeagueTracker.Shared\PoeLeagueTracker.Shared.csproj", "{CECBDA49-4C14-4AD6-92B0-B88BECF8E180}"
EndProject
Project("{2150E333-8FDC-42A3-9474-1A3956D46DE8}") = "Solution Items", "Solution Items", "{31266D34-A1A4-4651-AE34-99AEBBAE7F7A}"
	ProjectSection(SolutionItems) = preProject
		.dockerignore = .dockerignore
		.env = .env
		.env.example = .env.example
		docker-compose.demo.yml = docker-compose.demo.yml
		docker-compose.prod.yml = docker-compose.prod.yml
		docker-compose.dev.yml = docker-compose.dev.yml
		docker-compose.proxy.yml = docker-compose.proxy.yml
		.github\workflows\docker-publish.yml = .github\workflows\docker-publish.yml
		Dockerfile.Client = Dockerfile.Client
		nginx.conf = nginx.conf
	EndProjectSection
EndProject
Global
	GlobalSection(SolutionConfigurationPlatforms) = preSolution
		Debug|Any CPU = Debug|Any CPU
		Debug|x64 = Debug|x64
		Debug|x86 = Debug|x86
		Release|Any CPU = Release|Any CPU
		Release|x64 = Release|x64
		Release|x86 = Release|x86
	EndGlobalSection
	GlobalSection(ProjectConfigurationPlatforms) = postSolution
		{47D434A1-29DE-4CEF-BD5A-245422BB0BC8}.Debug|Any CPU.ActiveCfg = Debug|Any CPU
		{47D434A1-29DE-4CEF-BD5A-245422BB0BC8}.Debug|Any CPU.Build.0 = Debug|Any CPU
		{47D434A1-29DE-4CEF-BD5A-245422BB0BC8}.Debug|x64.ActiveCfg = Debug|Any CPU
		{47D434A1-29DE-4CEF-BD5A-245422BB0BC8}.Debug|x64.Build.0 = Debug|Any CPU
		{47D434A1-29DE-4CEF-BD5A-245422BB0BC8}.Debug|x86.ActiveCfg = Debug|Any CPU
		{47D434A1-29DE-4CEF-BD5A-245422BB0BC8}.Debug|x86.Build.0 = Debug|Any CPU
		{47D434A1-29DE-4CEF-BD5A-245422BB0BC8}.Release|Any CPU.ActiveCfg = Release|Any CPU
		{47D434A1-29DE-4CEF-BD5A-245422BB0BC8}.Release|Any CPU.Build.0 = Release|Any CPU
		{47D434A1-29DE-4CEF-BD5A-245422BB0BC8}.Release|x64.ActiveCfg = Release|Any CPU
		{47D434A1-29DE-4CEF-BD5A-245422BB0BC8}.Release|x64.Build.0 = Release|Any CPU
		{47D434A1-29DE-4CEF-BD5A-245422BB0BC8}.Release|x86.ActiveCfg = Release|Any CPU
		{47D434A1-29DE-4CEF-BD5A-245422BB0BC8}.Release|x86.Build.0 = Release|Any CPU
		{B4437594-4157-402E-837D-F5277479D3C6}.Debug|Any CPU.ActiveCfg = Debug|Any CPU
		{B4437594-4157-402E-837D-F5277479D3C6}.Debug|Any CPU.Build.0 = Debug|Any CPU
		{B4437594-4157-402E-837D-F5277479D3C6}.Debug|x64.ActiveCfg = Debug|Any CPU
		{B4437594-4157-402E-837D-F5277479D3C6}.Debug|x64.Build.0 = Debug|Any CPU
		{B4437594-4157-402E-837D-F5277479D3C6}.Debug|x86.ActiveCfg = Debug|Any CPU
		{B4437594-4157-402E-837D-F5277479D3C6}.Debug|x86.Build.0 = Debug|Any CPU
		{B4437594-4157-402E-837D-F5277479D3C6}.Release|Any CPU.ActiveCfg = Release|Any CPU
		{B4437594-4157-402E-837D-F5277479D3C6}.Release|Any CPU.Build.0 = Release|Any CPU
		{B4437594-4157-402E-837D-F5277479D3C6}.Release|x64.ActiveCfg = Release|Any CPU
		{B4437594-4157-402E-837D-F5277479D3C6}.Release|x64.Build.0 = Release|Any CPU
		{B4437594-4157-402E-837D-F5277479D3C6}.Release|x86.ActiveCfg = Release|Any CPU
		{B4437594-4157-402E-837D-F5277479D3C6}.Release|x86.Build.0 = Release|Any CPU
		{0203B444-E4BC-4691-A97F-8910FFA1899C}.Debug|Any CPU.ActiveCfg = Debug|Any CPU
		{0203B444-E4BC-4691-A97F-8910FFA1899C}.Debug|Any CPU.Build.0 = Debug|Any CPU
		{0203B444-E4BC-4691-A97F-8910FFA1899C}.Debug|x64.ActiveCfg = Debug|Any CPU
		{0203B444-E4BC-4691-A97F-8910FFA1899C}.Debug|x64.Build.0 = Debug|Any CPU
		{0203B444-E4BC-4691-A97F-8910FFA1899C}.Debug|x86.ActiveCfg = Debug|Any CPU
		{0203B444-E4BC-4691-A97F-8910FFA1899C}.Debug|x86.Build.0 = Debug|Any CPU
		{0203B444-E4BC-4691-A97F-8910FFA1899C}.Release|Any CPU.ActiveCfg = Release|Any CPU
		{0203B444-E4BC-4691-A97F-8910FFA1899C}.Release|Any CPU.Build.0 = Release|Any CPU
		{0203B444-E4BC-4691-A97F-8910FFA1899C}.Release|x64.ActiveCfg = Release|Any CPU
		{0203B444-E4BC-4691-A97F-8910FFA1899C}.Release|x64.Build.0 = Release|Any CPU
		{0203B444-E4BC-4691-A97F-8910FFA1899C}.Release|x86.ActiveCfg = Release|Any CPU
		{0203B444-E4BC-4691-A97F-8910FFA1899C}.Release|x86.Build.0 = Release|Any CPU
		{DE187954-9CEF-42B7-84EB-C2D86FAAFAB2}.Debug|Any CPU.ActiveCfg = Debug|Any CPU
		{DE187954-9CEF-42B7-84EB-C2D86FAAFAB2}.Debug|Any CPU.Build.0 = Debug|Any CPU
		{DE187954-9CEF-42B7-84EB-C2D86FAAFAB2}.Debug|x64.ActiveCfg = Debug|Any CPU
		{DE187954-9CEF-42B7-84EB-C2D86FAAFAB2}.Debug|x64.Build.0 = Debug|Any CPU
		{DE187954-9CEF-42B7-84EB-C2D86FAAFAB2}.Debug|x86.ActiveCfg = Debug|Any CPU
		{DE187954-9CEF-42B7-84EB-C2D86FAAFAB2}.Debug|x86.Build.0 = Debug|Any CPU
		{DE187954-9CEF-42B7-84EB-C2D86FAAFAB2}.Release|Any CPU.ActiveCfg = Release|Any CPU
		{DE187954-9CEF-42B7-84EB-C2D86FAAFAB2}.Release|Any CPU.Build.0 = Release|Any CPU
		{DE187954-9CEF-42B7-84EB-C2D86FAAFAB2}.Release|x64.ActiveCfg = Release|Any CPU
		{DE187954-9CEF-42B7-84EB-C2D86FAAFAB2}.Release|x64.Build.0 = Release|Any CPU
		{DE187954-9CEF-42B7-84EB-C2D86FAAFAB2}.Release|x86.ActiveCfg = Release|Any CPU
		{DE187954-9CEF-42B7-84EB-C2D86FAAFAB2}.Release|x86.Build.0 = Release|Any CPU
		{EFBDAA0C-A789-4743-823C-9294F1CD6902}.Debug|Any CPU.ActiveCfg = Debug|Any CPU
		{EFBDAA0C-A789-4743-823C-9294F1CD6902}.Debug|Any CPU.Build.0 = Debug|Any CPU
		{EFBDAA0C-A789-4743-823C-9294F1CD6902}.Debug|x64.ActiveCfg = Debug|Any CPU
		{EFBDAA0C-A789-4743-823C-9294F1CD6902}.Debug|x64.Build.0 = Debug|Any CPU
		{EFBDAA0C-A789-4743-823C-9294F1CD6902}.Debug|x86.ActiveCfg = Debug|Any CPU
		{EFBDAA0C-A789-4743-823C-9294F1CD6902}.Debug|x86.Build.0 = Debug|Any CPU
		{EFBDAA0C-A789-4743-823C-9294F1CD6902}.Release|Any CPU.ActiveCfg = Release|Any CPU
		{EFBDAA0C-A789-4743-823C-9294F1CD6902}.Release|Any CPU.Build.0 = Release|Any CPU
		{EFBDAA0C-A789-4743-823C-9294F1CD6902}.Release|x64.ActiveCfg = Release|Any CPU
		{EFBDAA0C-A789-4743-823C-9294F1CD6902}.Release|x64.Build.0 = Release|Any CPU
		{EFBDAA0C-A789-4743-823C-9294F1CD6902}.Release|x86.ActiveCfg = Release|Any CPU
		{EFBDAA0C-A789-4743-823C-9294F1CD6902}.Release|x86.Build.0 = Release|Any CPU
		{CECBDA49-4C14-4AD6-92B0-B88BECF8E180}.Debug|Any CPU.ActiveCfg = Debug|Any CPU
		{CECBDA49-4C14-4AD6-92B0-B88BECF8E180}.Debug|Any CPU.Build.0 = Debug|Any CPU
		{CECBDA49-4C14-4AD6-92B0-B88BECF8E180}.Debug|x64.ActiveCfg = Debug|Any CPU
		{CECBDA49-4C14-4AD6-92B0-B88BECF8E180}.Debug|x64.Build.0 = Debug|Any CPU
		{CECBDA49-4C14-4AD6-92B0-B88BECF8E180}.Debug|x86.ActiveCfg = Debug|Any CPU
		{CECBDA49-4C14-4AD6-92B0-B88BECF8E180}.Debug|x86.Build.0 = Debug|Any CPU
		{CECBDA49-4C14-4AD6-92B0-B88BECF8E180}.Release|Any CPU.ActiveCfg = Release|Any CPU
		{CECBDA49-4C14-4AD6-92B0-B88BECF8E180}.Release|Any CPU.Build.0 = Release|Any CPU
		{CECBDA49-4C14-4AD6-92B0-B88BECF8E180}.Release|x64.ActiveCfg = Release|Any CPU
		{CECBDA49-4C14-4AD6-92B0-B88BECF8E180}.Release|x64.Build.0 = Release|Any CPU
		{CECBDA49-4C14-4AD6-92B0-B88BECF8E180}.Release|x86.ActiveCfg = Release|Any CPU
		{CECBDA49-4C14-4AD6-92B0-B88BECF8E180}.Release|x86.Build.0 = Release|Any CPU
	EndGlobalSection
	GlobalSection(SolutionProperties) = preSolution
		HideSolutionNode = FALSE
	EndGlobalSection
	GlobalSection(ExtensibilityGlobals) = postSolution
		SolutionGuid = {D512A0CF-7D5D-4F72-B4AD-F00AF02092B0}
	EndGlobalSection
EndGlobal
